
Microsoft Visual Studio Solution File, Format Version 12.00
# Visual Studio Version 17
VisualStudioVersion = 17.13.35931.197 d17.13
MinimumVisualStudioVersion = 10.0.40219.1
Project("{FAE04EC0-301F-11D3-BF4B-00C04F79EFBC}") = "BrowerWordle", "BrowerWordle.csproj", "{ECC6AA8B-C5DA-43A4-AB50-AB4A36CFF6A1}"
EndProject
Global
	GlobalSection(SolutionConfigurationPlatforms) = preSolution
		Debug|Any CPU = Debug|Any CPU
		Release|Any CPU = Release|Any CPU
	EndGlobalSection
	GlobalSection(ProjectConfigurationPlatforms) = postSolution
		{ECC6AA8B-C5DA-43A4-AB50-AB4A36CFF6A1}.Debug|Any CPU.ActiveCfg = Debug|Any CPU
		{ECC6AA8B-C5DA-43A4-AB50-AB4A36CFF6A1}.Debug|Any CPU.Build.0 = Debug|Any CPU
		{ECC6AA8B-C5DA-43A4-AB50-AB4A36CFF6A1}.Release|Any CPU.ActiveCfg = Release|Any CPU
		{ECC6AA8B-C5DA-43A4-AB50-AB4A36CFF6A1}.Release|Any CPU.Build.0 = Release|Any CPU
	EndGlobalSection
	GlobalSection(SolutionProperties) = preSolution
		HideSolutionNode = FALSE
	EndGlobalSection
	GlobalSection(ExtensibilityGlobals) = postSolution
		SolutionGuid = {0462F6CF-8924-4036-801E-1D2089E5C9B5}
	EndGlobalSection
EndGlobal
